
Microsoft Visual Studio Solution File, Format Version 12.00
# Visual Studio Version 17
VisualStudioVersion = 17.12.35527.113
MinimumVisualStudioVersion = 10.0.40219.1
Project("{FAE04EC0-301F-11D3-BF4B-00C04F79EFBC}") = "JKPlaystore", "JKPlaystore.csproj", "{E0478164-6BA6-4FCD-9C8E-82AC0DAEB5DE}"
EndProject
Global
	GlobalSection(SolutionConfigurationPlatforms) = preSolution
		Debug|Any CPU = Debug|Any CPU
		Release|Any CPU = Release|Any CPU
	EndGlobalSection
	GlobalSection(ProjectConfigurationPlatforms) = postSolution
		{E0478164-6BA6-4FCD-9C8E-82AC0DAEB5DE}.Debug|Any CPU.ActiveCfg = Debug|Any CPU
		{E0478164-6BA6-4FCD-9C8E-82AC0DAEB5DE}.Debug|Any CPU.Build.0 = Debug|Any CPU
		{E0478164-6BA6-4FCD-9C8E-82AC0DAEB5DE}.Release|Any CPU.ActiveCfg = Release|Any CPU
		{E0478164-6BA6-4FCD-9C8E-82AC0DAEB5DE}.Release|Any CPU.Build.0 = Release|Any CPU
	EndGlobalSection
	GlobalSection(SolutionProperties) = preSolution
		HideSolutionNode = FALSE
	EndGlobalSection
EndGlobal
